Microsoft Visual Studio Solution File, Format Version 12.00
# Visual Studio 15
VisualStudioVersion = 15.0.26730.8
MinimumVisualStudioVersion = 15.0.26124.0
Project("{FAE04EC0-301F-11D3-BF4B-00C04F79EFBC}") = "Sandbox", "Sandbox\Sandbox.csproj", "{2746E56C-9A9E-4E15-B52F-381ED738B227}"
EndProject
Project("{FAE04EC0-301F-11D3-BF4B-00C04F79EFBC}") = "ProxyStarcraft.Client", "ProxyStarcraft.Client\ProxyStarcraft.Client.csproj", "{7F17749D-EAE2-407A-B8BB-81DD0012715E}"
EndProject
Project("{FAE04EC0-301F-11D3-BF4B-00C04F79EFBC}") = "ProxyStarcraft", "ProxyStarcraft\ProxyStarcraft.csproj", "{1A82EE8C-0572-4267-81BE-C4B95CFCF546}"
EndProject
Project("{2150E333-8FDC-42A3-9474-1A3956D46DE8}") = "Tests", "Tests", "{981B0FB6-931B-4CC1-A12C-9BDDC23F3127}"
EndProject
Project("{FAE04EC0-301F-11D3-BF4B-00C04F79EFBC}") = "ProxyStarcraft.Tests", "ProxyStarcraft.Tests\ProxyStarcraft.Tests.csproj", "{7BCCCC83-0200-4345-949B-3B052BAE8424}"
EndProject
Global
	GlobalSection(SolutionConfigurationPlatforms) = preSolution
		Debug|Any CPU = Debug|Any CPU
		Debug|x64 = Debug|x64
		Debug|x86 = Debug|x86
		Release|Any CPU = Release|Any CPU
		Release|x64 = Release|x64
		Release|x86 = Release|x86
	EndGlobalSection
	GlobalSection(ProjectConfigurationPlatforms) = postSolution
		{2746E56C-9A9E-4E15-B52F-381ED738B227}.Debug|Any CPU.ActiveCfg = Debug|Any CPU
		{2746E56C-9A9E-4E15-B52F-381ED738B227}.Debug|Any CPU.Build.0 = Debug|Any CPU
		{2746E56C-9A9E-4E15-B52F-381ED738B227}.Debug|x64.ActiveCfg = Debug|Any CPU
		{2746E56C-9A9E-4E15-B52F-381ED738B227}.Debug|x64.Build.0 = Debug|Any CPU
		{2746E56C-9A9E-4E15-B52F-381ED738B227}.Debug|x86.ActiveCfg = Debug|Any CPU
		{2746E56C-9A9E-4E15-B52F-381ED738B227}.Debug|x86.Build.0 = Debug|Any CPU
		{2746E56C-9A9E-4E15-B52F-381ED738B227}.Release|Any CPU.ActiveCfg = Release|Any CPU
		{2746E56C-9A9E-4E15-B52F-381ED738B227}.Release|Any CPU.Build.0 = Release|Any CPU
		{2746E56C-9A9E-4E15-B52F-381ED738B227}.Release|x64.ActiveCfg = Release|Any CPU
		{2746E56C-9A9E-4E15-B52F-381ED738B227}.Release|x64.Build.0 = Release|Any CPU
		{2746E56C-9A9E-4E15-B52F-381ED738B227}.Release|x86.ActiveCfg = Release|Any CPU
		{2746E56C-9A9E-4E15-B52F-381ED738B227}.Release|x86.Build.0 = Release|Any CPU
		{7F17749D-EAE2-407A-B8BB-81DD0012715E}.Debug|Any CPU.ActiveCfg = Debug|Any CPU
		{7F17749D-EAE2-407A-B8BB-81DD0012715E}.Debug|Any CPU.Build.0 = Debug|Any CPU
		{7F17749D-EAE2-407A-B8BB-81DD0012715E}.Debug|x64.ActiveCfg = Debug|Any CPU
		{7F17749D-EAE2-407A-B8BB-81DD0012715E}.Debug|x64.Build.0 = Debug|Any CPU
		{7F17749D-EAE2-407A-B8BB-81DD0012715E}.Debug|x86.ActiveCfg = Debug|Any CPU
		{7F17749D-EAE2-407A-B8BB-81DD0012715E}.Debug|x86.Build.0 = Debug|Any CPU
		{7F17749D-EAE2-407A-B8BB-81DD0012715E}.Release|Any CPU.ActiveCfg = Release|Any CPU
		{7F17749D-EAE2-407A-B8BB-81DD0012715E}.Release|Any CPU.Build.0 = Release|Any CPU
		{7F17749D-EAE2-407A-B8BB-81DD0012715E}.Release|x64.ActiveCfg = Release|Any CPU
		{7F17749D-EAE2-407A-B8BB-81DD0012715E}.Release|x64.Build.0 = Release|Any CPU
		{7F17749D-EAE2-407A-B8BB-81DD0012715E}.Release|x86.ActiveCfg = Release|Any CPU
		{7F17749D-EAE2-407A-B8BB-81DD0012715E}.Release|x86.Build.0 = Release|Any CPU
		{1A82EE8C-0572-4267-81BE-C4B95CFCF546}.Debug|Any CPU.ActiveCfg = Debug|Any CPU
		{1A82EE8C-0572-4267-81BE-C4B95CFCF546}.Debug|Any CPU.Build.0 = Debug|Any CPU
		{1A82EE8C-0572-4267-81BE-C4B95CFCF546}.Debug|x64.ActiveCfg = Debug|Any CPU
		{1A82EE8C-0572-4267-81BE-C4B95CFCF546}.Debug|x64.Build.0 = Debug|Any CPU
		{1A82EE8C-0572-4267-81BE-C4B95CFCF546}.Debug|x86.ActiveCfg = Debug|Any CPU
		{1A82EE8C-0572-4267-81BE-C4B95CFCF546}.Debug|x86.Build.0 = Debug|Any CPU
		{1A82EE8C-0572-4267-81BE-C4B95CFCF546}.Release|Any CPU.ActiveCfg = Release|Any CPU
		{1A82EE8C-0572-4267-81BE-C4B95CFCF546}.Release|Any CPU.Build.0 = Release|Any CPU
		{1A82EE8C-0572-4267-81BE-C4B95CFCF546}.Release|x64.ActiveCfg = Release|Any CPU
		{1A82EE8C-0572-4267-81BE-C4B95CFCF546}.Release|x64.Build.0 = Release|Any CPU
		{1A82EE8C-0572-4267-81BE-C4B95CFCF546}.Release|x86.ActiveCfg = Release|Any CPU
		{1A82EE8C-0572-4267-81BE-C4B95CFCF546}.Release|x86.Build.0 = Release|Any CPU
		{7BCCCC83-0200-4345-949B-3B052BAE8424}.Debug|Any CPU.ActiveCfg = Debug|Any CPU
		{7BCCCC83-0200-4345-949B-3B052BAE8424}.Debug|Any CPU.Build.0 = Debug|Any CPU
		{7BCCCC83-0200-4345-949B-3B052BAE8424}.Debug|x64.ActiveCfg = Debug|Any CPU
		{7BCCCC83-0200-4345-949B-3B052BAE8424}.Debug|x64.Build.0 = Debug|Any CPU
		{7BCCCC83-0200-4345-949B-3B052BAE8424}.Debug|x86.ActiveCfg = Debug|Any CPU
		{7BCCCC83-0200-4345-949B-3B052BAE8424}.Debug|x86.Build.0 = Debug|Any CPU
		{7BCCCC83-0200-4345-949B-3B052BAE8424}.Release|Any CPU.ActiveCfg = Release|Any CPU
		{7BCCCC83-0200-4345-949B-3B052BAE8424}.Release|Any CPU.Build.0 = Release|Any CPU
		{7BCCCC83-0200-4345-949B-3B052BAE8424}.Release|x64.ActiveCfg = Release|Any CPU
		{7BCCCC83-0200-4345-949B-3B052BAE8424}.Release|x64.Build.0 = Release|Any CPU
		{7BCCCC83-0200-4345-949B-3B052BAE8424}.Release|x86.ActiveCfg = Release|Any CPU
		{7BCCCC83-0200-4345-949B-3B052BAE8424}.Release|x86.Build.0 = Release|Any CPU
	EndGlobalSection
	GlobalSection(SolutionProperties) = preSolution
		HideSolutionNode = FALSE
	EndGlobalSection
	GlobalSection(NestedProjects) = preSolution
		{7BCCCC83-0200-4345-949B-3B052BAE8424} = {981B0FB6-931B-4CC1-A12C-9BDDC23F3127}
	EndGlobalSection
	GlobalSection(ExtensibilityGlobals) = postSolution
		SolutionGuid = {7EB67579-3BD2-4FD2-BDEC-A63070D3CCC5}
	EndGlobalSection
EndGlobal
